
Microsoft Visual Studio Solution File, Format Version 11.00
# Visual Studio 2010
Project("{FAE04EC0-301F-11D3-BF4B-00C04F79EFBC}") = "Assembly-CSharp", "Assembly-CSharp.csproj", "{79DD905B-2E27-873A-2398-0D7C5BD4F382}"
EndProject
Project("{FAE04EC0-301F-11D3-BF4B-00C04F79EFBC}") = "Tests", "Tests.csproj", "{01422193-9EC3-331D-0E59-3F574042B302}"
EndProject
Global
	GlobalSection(SolutionConfigurationPlatforms) = preSolution
		Debug|Any CPU = Debug|Any CPU
		Release|Any CPU = Release|Any CPU
	EndGlobalSection
	GlobalSection(ProjectConfigurationPlatforms) = postSolution
		{79DD905B-2E27-873A-2398-0D7C5BD4F382}.Debug|Any CPU.ActiveCfg = Debug|Any CPU
		{79DD905B-2E27-873A-2398-0D7C5BD4F382}.Debug|Any CPU.Build.0 = Debug|Any CPU
		{79DD905B-2E27-873A-2398-0D7C5BD4F382}.Release|Any CPU.ActiveCfg = Release|Any CPU
		{79DD905B-2E27-873A-2398-0D7C5BD4F382}.Release|Any CPU.Build.0 = Release|Any CPU
		{01422193-9EC3-331D-0E59-3F574042B302}.Debug|Any CPU.ActiveCfg = Debug|Any CPU
		{01422193-9EC3-331D-0E59-3F574042B302}.Debug|Any CPU.Build.0 = Debug|Any CPU
		{01422193-9EC3-331D-0E59-3F574042B302}.Release|Any CPU.ActiveCfg = Release|Any CPU
		{01422193-9EC3-331D-0E59-3F574042B302}.Release|Any CPU.Build.0 = Release|Any CPU
	EndGlobalSection
	GlobalSection(SolutionProperties) = preSolution
		HideSolutionNode = FALSE
	EndGlobalSection
																																																																													GlobalSection(MonoDevelopProperties) = preSolution
		StartupItem = Assembly-CSharp.csproj
		Policies = $0
		$0.TextStylePolicy = $1
		$1.inheritsSet = null
		$1.scope = text/x-csharp
		$0.CSharpFormattingPolicy = $2
		$2.inheritsSet = Mono
		$2.inheritsScope = text/x-csharp
		$2.scope = text/x-csharp
		$0.TextStylePolicy = $3
		$3.FileWidth = 120
		$3.TabWidth = 4
		$3.EolMarker = Unix
		$3.inheritsSet = Mono
		$3.inheritsScope = text/plain
		$3.scope = text/plain
	EndGlobalSection
EndGlobal
