Microsoft Visual Studio Solution File, Format Version 11.00
# Visual Studio 2008

Project("{49C3FC5D-A1C3-9B28-DD9E-2956E7AEC9A9}") = "Alphabet", "Assembly-CSharp-vs.csproj", "{79DD905B-2E27-873A-2398-0D7C5BD4F382}"
EndProject
Global
	GlobalSection(SolutionConfigurationPlatforms) = preSolution
		Debug|Any CPU = Debug|Any CPU
		Release|Any CPU = Release|Any CPU
	EndGlobalSection
	GlobalSection(ProjectConfigurationPlatforms) = postSolution
		{79DD905B-2E27-873A-2398-0D7C5BD4F382}.Debug|Any CPU.ActiveCfg = Debug|Any CPU
		{79DD905B-2E27-873A-2398-0D7C5BD4F382}.Debug|Any CPU.Build.0 = Debug|Any CPU
		{79DD905B-2E27-873A-2398-0D7C5BD4F382}.Release|Any CPU.ActiveCfg = Release|Any CPU
		{79DD905B-2E27-873A-2398-0D7C5BD4F382}.Release|Any CPU.Build.0 = Release|Any CPU
	EndGlobalSection
	GlobalSection(SolutionProperties) = preSolution
		HideSolutionNode = FALSE
	EndGlobalSection
																																																																														GlobalSection(MonoDevelopProperties) = preSolution
		StartupItem = Assembly-CSharp.csproj
		Policies = $0
		$0.TextStylePolicy = $1
		$1.inheritsSet = null
		$1.scope = text/x-csharp
		$0.CSharpFormattingPolicy = $2
		$2.inheritsSet = Mono
		$2.inheritsScope = text/x-csharp
		$2.scope = text/x-csharp
		$0.TextStylePolicy = $3
		$3.FileWidth = 120
		$3.TabWidth = 4
		$3.EolMarker = Unix
		$3.inheritsSet = Mono
		$3.inheritsScope = text/plain
		$3.scope = text/plain
	EndGlobalSection

EndGlobal
